
Microsoft Visual Studio Solution File, Format Version 12.00
# Visual Studio Version 17
VisualStudioVersion = 17.6.33829.357
MinimumVisualStudioVersion = 10.0.40219.1
Project("{9A19103F-16F7-4668-BE54-9A1E7A4F7556}") = "NLayer.Core", "NLayer.Core\NLayer.Core.csproj", "{1042A8C6-D802-4786-8BC3-53AFA218690C}"
EndProject
Project("{9A19103F-16F7-4668-BE54-9A1E7A4F7556}") = "NLayer.Repository", "NLayerRepository\NLayer.Repository.csproj", "{4712824B-0818-49A3-A9A0-BBFE43E174F1}"
EndProject
Project("{9A19103F-16F7-4668-BE54-9A1E7A4F7556}") = "NLayer.Service", "NLayerService\NLayer.Service.csproj", "{1380CD7F-B793-4852-B4DD-4D19D240FA2F}"
EndProject
Project("{9A19103F-16F7-4668-BE54-9A1E7A4F7556}") = "NLayer.API", "NLayer.API\NLayer.API.csproj", "{01FE1E3C-0B1A-4C62-915F-0C272CA34308}"
EndProject
Project("{9A19103F-16F7-4668-BE54-9A1E7A4F7556}") = "NLayer.Web", "NLayer.Web\NLayer.Web.csproj", "{7FF10F79-DF7D-419D-BE06-8754B828A848}"
EndProject
Project("{9A19103F-16F7-4668-BE54-9A1E7A4F7556}") = "NLayer.Caching", "NLayer.Caching\NLayer.Caching.csproj", "{D72F5F24-A73D-48B0-B7FB-5C1CCBAD3663}"
EndProject
Global
	GlobalSection(SolutionConfigurationPlatforms) = preSolution
		Debug|Any CPU = Debug|Any CPU
		Release|Any CPU = Release|Any CPU
	EndGlobalSection
	GlobalSection(ProjectConfigurationPlatforms) = postSolution
		{1042A8C6-D802-4786-8BC3-53AFA218690C}.Debug|Any CPU.ActiveCfg = Debug|Any CPU
		{1042A8C6-D802-4786-8BC3-53AFA218690C}.Debug|Any CPU.Build.0 = Debug|Any CPU
		{1042A8C6-D802-4786-8BC3-53AFA218690C}.Release|Any CPU.ActiveCfg = Release|Any CPU
		{1042A8C6-D802-4786-8BC3-53AFA218690C}.Release|Any CPU.Build.0 = Release|Any CPU
		{4712824B-0818-49A3-A9A0-BBFE43E174F1}.Debug|Any CPU.ActiveCfg = Debug|Any CPU
		{4712824B-0818-49A3-A9A0-BBFE43E174F1}.Debug|Any CPU.Build.0 = Debug|Any CPU
		{4712824B-0818-49A3-A9A0-BBFE43E174F1}.Release|Any CPU.ActiveCfg = Release|Any CPU
		{4712824B-0818-49A3-A9A0-BBFE43E174F1}.Release|Any CPU.Build.0 = Release|Any CPU
		{1380CD7F-B793-4852-B4DD-4D19D240FA2F}.Debug|Any CPU.ActiveCfg = Debug|Any CPU
		{1380CD7F-B793-4852-B4DD-4D19D240FA2F}.Debug|Any CPU.Build.0 = Debug|Any CPU
		{1380CD7F-B793-4852-B4DD-4D19D240FA2F}.Release|Any CPU.ActiveCfg = Release|Any CPU
		{1380CD7F-B793-4852-B4DD-4D19D240FA2F}.Release|Any CPU.Build.0 = Release|Any CPU
		{01FE1E3C-0B1A-4C62-915F-0C272CA34308}.Debug|Any CPU.ActiveCfg = Debug|Any CPU
		{01FE1E3C-0B1A-4C62-915F-0C272CA34308}.Debug|Any CPU.Build.0 = Debug|Any CPU
		{01FE1E3C-0B1A-4C62-915F-0C272CA34308}.Release|Any CPU.ActiveCfg = Release|Any CPU
		{01FE1E3C-0B1A-4C62-915F-0C272CA34308}.Release|Any CPU.Build.0 = Release|Any CPU
		{7FF10F79-DF7D-419D-BE06-8754B828A848}.Debug|Any CPU.ActiveCfg = Debug|Any CPU
		{7FF10F79-DF7D-419D-BE06-8754B828A848}.Debug|Any CPU.Build.0 = Debug|Any CPU
		{7FF10F79-DF7D-419D-BE06-8754B828A848}.Release|Any CPU.ActiveCfg = Release|Any CPU
		{7FF10F79-DF7D-419D-BE06-8754B828A848}.Release|Any CPU.Build.0 = Release|Any CPU
		{D72F5F24-A73D-48B0-B7FB-5C1CCBAD3663}.Debug|Any CPU.ActiveCfg = Debug|Any CPU
		{D72F5F24-A73D-48B0-B7FB-5C1CCBAD3663}.Debug|Any CPU.Build.0 = Debug|Any CPU
		{D72F5F24-A73D-48B0-B7FB-5C1CCBAD3663}.Release|Any CPU.ActiveCfg = Release|Any CPU
		{D72F5F24-A73D-48B0-B7FB-5C1CCBAD3663}.Release|Any CPU.Build.0 = Release|Any CPU
	EndGlobalSection
	GlobalSection(SolutionProperties) = preSolution
		HideSolutionNode = FALSE
	EndGlobalSection
	GlobalSection(ExtensibilityGlobals) = postSolution
		SolutionGuid = {F4FB0549-4B89-41A3-8359-58C7F2A9CBDB}
	EndGlobalSection
EndGlobal
